// !$*UTF8*$!
{
	archiveVersion = 1;
	classes = {
	};
	objectVersion = 46;
	objects = {

/* Begin PBXBuildFile section */
		181BDCA218580E1D00FB0FBD /* UIKit.framework in Frameworks */ = {isa = PBXBuildFile; fileRef = 181BDCA118580E1D00FB0FBD /* UIKit.framework */; };
		181BDCA418580E1D00FB0FBD /* Foundation.framework in Frameworks */ = {isa = PBXBuildFile; fileRef = 181BDCA318580E1D00FB0FBD /* Foundation.framework */; };
		181BDCA618580E1D00FB0FBD /* CoreGraphics.framework in Frameworks */ = {isa = PBXBuildFile; fileRef = 181BDCA518580E1D00FB0FBD /* CoreGraphics.framework */; };
		181BDCAC18580E1D00FB0FBD /* InfoPlist.strings in Resources */ = {isa = PBXBuildFile; fileRef = 181BDCAA18580E1D00FB0FBD /* InfoPlist.strings */; };
		181BDCAE18580E1D00FB0FBD /* main.m in Sources */ = {isa = PBXBuildFile; fileRef = 181BDCAD18580E1D00FB0FBD /* main.m */; };
		181BDCB218580E1D00FB0FBD /* AppDelegate.m in Sources */ = {isa = PBXBuildFile; fileRef = 181BDCB118580E1D00FB0FBD /* AppDelegate.m */; };
		181BDCB418580E1D00FB0FBD /* Default.png in Resources */ = {isa = PBXBuildFile; fileRef = 181BDCB318580E1D00FB0FBD /* Default.png */; };
		181BDCB618580E1D00FB0FBD /* Default@2x.png in Resources */ = {isa = PBXBuildFile; fileRef = 181BDCB518580E1D00FB0FBD /* Default@2x.png */; };
		181BDCB818580E1D00FB0FBD /* Default-568h@2x.png in Resources */ = {isa = PBXBuildFile; fileRef = 181BDCB718580E1D00FB0FBD /* Default-568h@2x.png */; };
		181BDCBB18580E1D00FB0FBD /* ViewController.m in Sources */ = {isa = PBXBuildFile; fileRef = 181BDCBA18580E1D00FB0FBD /* ViewController.m */; };
		181BDCBE18580E1D00FB0FBD /* ViewController.xib in Resources */ = {isa = PBXBuildFile; fileRef = 181BDCBC18580E1D00FB0FBD /* ViewController.xib */; };
		181BDCC618580E3900FB0FBD /* aaa.m in Sources */ = {isa = PBXBuildFile; fileRef = 181BDCC518580E3900FB0FBD /* aaa.m */; };
/* End PBXBuildFile section */

/* Begin PBXFileReference section */
		181BDC9D18580E1D00FB0FBD /* mymap.app */ = {isa = PBXFileReference; explicitFileType = wrapper.application; includeInIndex = 0; path = mymap.app; sourceTree = BUILT_PRODUCTS_DIR; };
		181BDCA118580E1D00FB0FBD /* UIKit.framework */ = {isa = PBXFileReference; lastKnownFileType = wrapper.framework; name = UIKit.framework; path = System/Library/Frameworks/UIKit.framework; sourceTree = SDKROOT; };
		181BDCA318580E1D00FB0FBD /* Foundation.framework */ = {isa = PBXFileReference; lastKnownFileType = wrapper.framework; name = Foundation.framework; path = System/Library/Frameworks/Foundation.framework; sourceTree = SDKROOT; };
		181BDCA518580E1D00FB0FBD /* CoreGraphics.framework */ = {isa = PBXFileReference; lastKnownFileType = wrapper.framework; name = CoreGraphics.framework; path = System/Library/Frameworks/CoreGraphics.framework; sourceTree = SDKROOT; };
		181BDCA918580E1D00FB0FBD /* mymap-Info.plist */ = {isa = PBXFileReference; lastKnownFileType = text.plist.xml; path = "mymap-Info.plist"; sourceTree = "<group>"; };
		181BDCAB18580E1D00FB0FBD /* en */ = {isa = PBXFileReference; lastKnownFileType = text.plist.strings; name = en; path = en.lproj/InfoPlist.strings; sourceTree = "<group>"; };
		181BDCAD18580E1D00FB0FBD /* main.m */ = {isa = PBXFileReference; lastKnownFileType = sourcecode.c.objc; path = main.m; sourceTree = "<group>"; };
		181BDCAF18580E1D00FB0FBD /* mymap-Prefix.pch */ = {isa = PBXFileReference; lastKnownFileType = sourcecode.c.h; path = "mymap-Prefix.pch"; sourceTree = "<group>"; };
		181BDCB018580E1D00FB0FBD /* AppDelegate.h */ = {isa = PBXFileReference; lastKnownFileType = sourcecode.c.h; path = AppDelegate.h; sourceTree = "<group>"; };
		181BDCB118580E1D00FB0FBD /* AppDelegate.m */ = {isa = PBXFileReference; lastKnownFileType = sourcecode.c.objc; path = AppDelegate.m; sourceTree = "<group>"; };
		181BDCB318580E1D00FB0FBD /* Default.png */ = {isa = PBXFileReference; lastKnownFileType = image.png; path = Default.png; sourceTree = "<group>"; };
		181BDCB518580E1D00FB0FBD /* Default@2x.png */ = {isa = PBXFileReference; lastKnownFileType = image.png; path = "Default@2x.png"; sourceTree = "<group>"; };
		181BDCB718580E1D00FB0FBD /* Default-568h@2x.png */ = {isa = PBXFileReference; lastKnownFileType = image.png; path = "Default-568h@2x.png"; sourceTree = "<group>"; };
		181BDCB918580E1D00FB0FBD /* ViewController.h */ = {isa = PBXFileReference; lastKnownFileType = sourcecode.c.h; path = ViewController.h; sourceTree = "<group>"; };
		181BDCBA18580E1D00FB0FBD /* ViewController.m */ = {isa = PBXFileReference; lastKnownFileType = sourcecode.c.objc; path = ViewController.m; sourceTree = "<group>"; };
		181BDCBD18580E1D00FB0FBD /* en */ = {isa = PBXFileReference; lastKnownFileType = file.xib; name = en; path = en.lproj/ViewController.xib; sourceTree = "<group>"; };
		181BDCC418580E3900FB0FBD /* aaa.h */ = {isa = PBXFileReference; fileEncoding = 4; lastKnownFileType = sourcecode.c.h; path = aaa.h; sourceTree = "<group>"; };
		181BDCC518580E3900FB0FBD /* aaa.m */ = {isa = PBXFileReference; fileEncoding = 4; lastKnownFileType = sourcecode.c.objc; path = aaa.m; sourceTree = "<group>"; };
/* End PBXFileReference section */

/* Begin PBXFrameworksBuildPhase section */
		181BDC9A18580E1D00FB0FBD /* Frameworks */ = {
			isa = PBXFrameworksBuildPhase;
			buildActionMask = 2147483647;
			files = (
				181BDCA218580E1D00FB0FBD /* UIKit.framework in Frameworks */,
				181BDCA418580E1D00FB0FBD /* Foundation.framework in Frameworks */,
				181BDCA618580E1D00FB0FBD /* CoreGraphics.framework in Frameworks */,
			);
			runOnlyForDeploymentPostprocessing = 0;
		};
/* End PBXFrameworksBuildPhase section */

/* Begin PBXGroup section */
		181BDC9218580E1D00FB0FBD = {
			isa = PBXGroup;
			children = (
				181BDCA718580E1D00FB0FBD /* mymap */,
				181BDCA018580E1D00FB0FBD /* Frameworks */,
				181BDC9E18580E1D00FB0FBD /* Products */,
			);
			sourceTree = "<group>";
		};
		181BDC9E18580E1D00FB0FBD /* Products */ = {
			isa = PBXGroup;
			children = (
				181BDC9D18580E1D00FB0FBD /* mymap.app */,
			);
			name = Products;
			sourceTree = "<group>";
		};
		181BDCA018580E1D00FB0FBD /* Frameworks */ = {
			isa = PBXGroup;
			children = (
				181BDCA118580E1D00FB0FBD /* UIKit.framework */,
				181BDCA318580E1D00FB0FBD /* Foundation.framework */,
				181BDCA518580E1D00FB0FBD /* CoreGraphics.framework */,
			);
			name = Frameworks;
			sourceTree = "<group>";
		};
		181BDCA718580E1D00FB0FBD /* mymap */ = {
			isa = PBXGroup;
			children = (
				181BDCB018580E1D00FB0FBD /* AppDelegate.h */,
				181BDCB118580E1D00FB0FBD /* AppDelegate.m */,
				181BDCB918580E1D00FB0FBD /* ViewController.h */,
				181BDCBA18580E1D00FB0FBD /* ViewController.m */,
				181BDCBC18580E1D00FB0FBD /* ViewController.xib */,
				181BDCA818580E1D00FB0FBD /* Supporting Files */,
				181BDCC418580E3900FB0FBD /* aaa.h */,
				181BDCC518580E3900FB0FBD /* aaa.m */,
			);
			path = mymap;
			sourceTree = "<group>";
		};
		181BDCA818580E1D00FB0FBD /* Supporting Files */ = {
			isa = PBXGroup;
			children = (
				181BDCA918580E1D00FB0FBD /* mymap-Info.plist */,
				181BDCAA18580E1D00FB0FBD /* InfoPlist.strings */,
				181BDCAD18580E1D00FB0FBD /* main.m */,
				181BDCAF18580E1D00FB0FBD /* mymap-Prefix.pch */,
				181BDCB318580E1D00FB0FBD /* Default.png */,
				181BDCB518580E1D00FB0FBD /* Default@2x.png */,
				181BDCB718580E1D00FB0FBD /* Default-568h@2x.png */,
			);
			name = "Supporting Files";
			sourceTree = "<group>";
		};
/* End PBXGroup section */

/* Begin PBXNativeTarget section */
		181BDC9C18580E1D00FB0FBD /* mymap */ = {
			isa = PBXNativeTarget;
			buildConfigurationList = 181BDCC118580E1D00FB0FBD /* Build configuration list for PBXNativeTarget "mymap" */;
			buildPhases = (
				181BDC9918580E1D00FB0FBD /* Sources */,
				181BDC9A18580E1D00FB0FBD /* Frameworks */,
				181BDC9B18580E1D00FB0FBD /* Resources */,
			);
			buildRules = (
			);
			dependencies = (
			);
			name = mymap;
			productName = mymap;
			productReference = 181BDC9D18580E1D00FB0FBD /* mymap.app */;
			productType = "com.apple.product-type.application";
		};
/* End PBXNativeTarget section */

/* Begin PBXProject section */
		181BDC9418580E1D00FB0FBD /* Project object */ = {
			isa = PBXProject;
			attributes = {
				LastUpgradeCheck = 0450;
				ORGANIZATIONNAME = tanghuacheng.cn;
			};
			buildConfigurationList = 181BDC9718580E1D00FB0FBD /* Build configuration list for PBXProject "mymap" */;
			compatibilityVersion = "Xcode 3.2";
			developmentRegion = English;
			hasScannedForEncodings = 0;
			knownRegions = (
				en,
			);
			mainGroup = 181BDC9218580E1D00FB0FBD;
			productRefGroup = 181BDC9E18580E1D00FB0FBD /* Products */;
			projectDirPath = "";
			projectRoot = "";
			targets = (
				181BDC9C18580E1D00FB0FBD /* mymap */,
			);
		};
/* End PBXProject section */

/* Begin PBXResourcesBuildPhase section */
		181BDC9B18580E1D00FB0FBD /* Resources */ = {
			isa = PBXResourcesBuildPhase;
			buildActionMask = 2147483647;
			files = (
				181BDCAC18580E1D00FB0FBD /* InfoPlist.strings in Resources */,
				181BDCB418580E1D00FB0FBD /* Default.png in Resources */,
				181BDCB618580E1D00FB0FBD /* Default@2x.png in Resources */,
				181BDCB818580E1D00FB0FBD /* Default-568h@2x.png in Resources */,
				181BDCBE18580E1D00FB0FBD /* ViewController.xib in Resources */,
			);
			runOnlyForDeploymentPostprocessing = 0;
		};
/* End PBXResourcesBuildPhase section */

/* Begin PBXSourcesBuildPhase section */
		181BDC9918580E1D00FB0FBD /* Sources */ = {
			isa = PBXSourcesBuildPhase;
			buildActionMask = 2147483647;
			files = (
				181BDCAE18580E1D00FB0FBD /* main.m in Sources */,
				181BDCB218580E1D00FB0FBD /* AppDelegate.m in Sources */,
				181BDCBB18580E1D00FB0FBD /* ViewController.m in Sources */,
				181BDCC618580E3900FB0FBD /* aaa.m in Sources */,
			);
			runOnlyForDeploymentPostprocessing = 0;
		};
/* End PBXSourcesBuildPhase section */

/* Begin PBXVariantGroup section */
		181BDCAA18580E1D00FB0FBD /* InfoPlist.strings */ = {
			isa = PBXVariantGroup;
			children = (
				181BDCAB18580E1D00FB0FBD /* en */,
			);
			name = InfoPlist.strings;
			sourceTree = "<group>";
		};
		181BDCBC18580E1D00FB0FBD /* ViewController.xib */ = {
			isa = PBXVariantGroup;
			children = (
				181BDCBD18580E1D00FB0FBD /* en */,
			);
			name = ViewController.xib;
			sourceTree = "<group>";
		};
/* End PBXVariantGroup section */

/* Begin XCBuildConfiguration section */
		181BDCBF18580E1D00FB0FBD /* Debug */ = {
			isa = XCBuildConfiguration;
			buildSettings = {
				ALWAYS_SEARCH_USER_PATHS = NO;
				CLANG_CXX_LANGUAGE_STANDARD = "gnu++0x";
				CLANG_CXX_LIBRARY = "libc++";
				CLANG_WARN_EMPTY_BODY = YES;
				CLANG_WARN__DUPLICATE_METHOD_MATCH = YES;
				"CODE_SIGN_IDENTITY[sdk=iphoneos*]" = "iPhone Developer";
				COPY_PHASE_STRIP = NO;
				GCC_C_LANGUAGE_STANDARD = gnu99;
				GCC_DYNAMIC_NO_PIC = NO;
				GCC_OPTIMIZATION_LEVEL = 0;
				GCC_PREPROCESSOR_DEFINITIONS = (
					"DEBUG=1",
					"$(inherited)",
				);
				GCC_SYMBOLS_PRIVATE_EXTERN = NO;
				GCC_WARN_ABOUT_RETURN_TYPE = YES;
				GCC_WARN_UNINITIALIZED_AUTOS = YES;
				GCC_WARN_UNUSED_VARIABLE = YES;
				IPHONEOS_DEPLOYMENT_TARGET = 6.0;
				ONLY_ACTIVE_ARCH = YES;
				SDKROOT = iphoneos;
			};
			name = Debug;
		};
		181BDCC018580E1D00FB0FBD /* Release */ = {
			isa = XCBuildConfiguration;
			buildSettings = {
				ALWAYS_SEARCH_USER_PATHS = NO;
				CLANG_CXX_LANGUAGE_STANDARD = "gnu++0x";
				CLANG_CXX_LIBRARY = "libc++";
				CLANG_WARN_EMPTY_BODY = YES;
				CLANG_WARN__DUPLICATE_METHOD_MATCH = YES;
				"CODE_SIGN_IDENTITY[sdk=iphoneos*]" = "iPhone Developer";
				COPY_PHASE_STRIP = YES;
				GCC_C_LANGUAGE_STANDARD = gnu99;
				GCC_WARN_ABOUT_RETURN_TYPE = YES;
				GCC_WARN_UNINITIALIZED_AUTOS = YES;
				GCC_WARN_UNUSED_VARIABLE = YES;
				IPHONEOS_DEPLOYMENT_TARGET = 6.0;
				OTHER_CFLAGS = "-DNS_BLOCK_ASSERTIONS=1";
				SDKROOT = iphoneos;
				VALIDATE_PRODUCT = YES;
			};
			name = Release;
		};
		181BDCC218580E1D00FB0FBD /* Debug */ = {
			isa = XCBuildConfiguration;
			buildSettings = {
				GCC_PRECOMPILE_PREFIX_HEADER = YES;
				GCC_PREFIX_HEADER = "mymap/mymap-Prefix.pch";
				INFOPLIST_FILE = "mymap/mymap-Info.plist";
				PRODUCT_NAME = "$(TARGET_NAME)";
				WRAPPER_EXTENSION = app;
			};
			name = Debug;
		};
		181BDCC318580E1D00FB0FBD /* Release */ = {
			isa = XCBuildConfiguration;
			buildSettings = {
				GCC_PRECOMPILE_PREFIX_HEADER = YES;
				GCC_PREFIX_HEADER = "mymap/mymap-Prefix.pch";
				INFOPLIST_FILE = "mymap/mymap-Info.plist";
				PRODUCT_NAME = "$(TARGET_NAME)";
				WRAPPER_EXTENSION = app;
			};
			name = Release;
		};
/* End XCBuildConfiguration section */

/* Begin XCConfigurationList section */
		181BDC9718580E1D00FB0FBD /* Build configuration list for PBXProject "mymap" */ = {
			isa = XCConfigurationList;
			buildConfigurations = (
				181BDCBF18580E1D00FB0FBD /* Debug */,
				181BDCC018580E1D00FB0FBD /* Release */,
			);
			defaultConfigurationIsVisible = 0;
			defaultConfigurationName = Release;
		};
		181BDCC118580E1D00FB0FBD /* Build configuration list for PBXNativeTarget "mymap" */ = {
			isa = XCConfigurationList;
			buildConfigurations = (
				181BDCC218580E1D00FB0FBD /* Debug */,
				181BDCC318580E1D00FB0FBD /* Release */,
			);
			defaultConfigurationIsVisible = 0;
		};
/* End XCConfigurationList section */
	};
	rootObject = 181BDC9418580E1D00FB0FBD /* Project object */;
}
